{
  "name": "ghost",
  "version": "1.0.0",
  "lockfileVersion": 1,
  "requires": true,
  "dependencies": {
    "@figma/plugin-typings": {
      "version": "1.49.0",
      "resolved": "https://registry.npmjs.org/@figma/plugin-typings/-/plugin-typings-1.49.0.tgz",
      "integrity": "sha512-72tKC61RPkrBZ+uzj+TtL3bVAmxahZKv/TfElbrY9sBoZvr4/+4gw7hnJYiln5xBJHiJ4KTcjUy+6D1qUuWlTA==",
      "dev": true
    },
    "prettier": {
      "version": "2.5.0",
      "resolved": "https://registry.npmjs.org/prettier/-/prettier-2.5.0.tgz",
      "integrity": "sha512-FM/zAKgWTxj40rH03VxzIPdXmj39SwSjwG0heUcNFwI+EMZJnY93yAiKXM3dObIKAM5TA88werc8T/EwhB45eg=="
    }
  }
}
