{
	"name": "ghost",
	"version": "1.0.0",
	"lockfileVersion": 3,
	"requires": true,
	"packages": {
		"": {
			"name": "ghost",
			"version": "1.0.0",
			"license": "MIT",
			"dependencies": {
				"prettier": "^2.8.7"
			},
			"devDependencies": {
				"@figma/plugin-typings": "*"
			}
		},
		"node_modules/@figma/plugin-typings": {
			"version": "1.62.0",
			"resolved": "https://registry.npmjs.org/@figma/plugin-typings/-/plugin-typings-1.62.0.tgz",
			"integrity": "sha512-Pv1DZqsuJJbzVsqgCz1fPPxEdQ1o521jbcMw1MDyM9oerw7QltM8TluR5BrGgBi6Zc8zXE6J6ZuUbzz/x7Bh6A==",
			"dev": true
		},
		"node_modules/prettier": {
			"version": "2.8.7",
			"resolved": "https://registry.npmjs.org/prettier/-/prettier-2.8.7.tgz",
			"integrity": "sha512-yPngTo3aXUUmyuTjeTUT75txrf+aMh9FiD7q9ZE/i6r0bPb22g4FsE6Y338PQX1bmfy08i9QQCB7/rcUAVntfw==",
			"bin": {
				"prettier": "bin-prettier.js"
			},
			"engines": {
				"node": ">=10.13.0"
			},
			"funding": {
				"url": "https://github.com/prettier/prettier?sponsor=1"
			}
		}
	}
}
